
Microsoft Visual Studio Solution File, Format Version 12.00
# Visual Studio Version 17
VisualStudioVersion = 17.9.34607.119
MinimumVisualStudioVersion = 10.0.40219.1
Project("{FAE04EC0-301F-11D3-BF4B-00C04F79EFBC}") = "Battify", "Battify\Battify.csproj", "{224F34AE-629F-41DC-8970-BD117C7424AE}"
EndProject
Project("{C7167F0D-BC9F-4E6E-AFE1-012C56B48DB5}") = "BattifyPackage", "BattifyPackage\BattifyPackage.wapproj", "{28FAE9BD-BEC2-4439-AEFD-C5F78B131D24}"
EndProject
Global
	GlobalSection(SolutionConfigurationPlatforms) = preSolution
		Debug|Any CPU = Debug|Any CPU
		Debug|ARM = Debug|ARM
		Debug|x86 = Debug|x86
		Portable|Any CPU = Portable|Any CPU
		Portable|ARM = Portable|ARM
		Portable|x86 = Portable|x86
		Release|Any CPU = Release|Any CPU
		Release|ARM = Release|ARM
		Release|x86 = Release|x86
	EndGlobalSection
	GlobalSection(ProjectConfigurationPlatforms) = postSolution
		{224F34AE-629F-41DC-8970-BD117C7424AE}.Debug|Any CPU.ActiveCfg = Debug|Any CPU
		{224F34AE-629F-41DC-8970-BD117C7424AE}.Debug|Any CPU.Build.0 = Debug|Any CPU
		{224F34AE-629F-41DC-8970-BD117C7424AE}.Debug|ARM.ActiveCfg = Debug|Any CPU
		{224F34AE-629F-41DC-8970-BD117C7424AE}.Debug|ARM.Build.0 = Debug|Any CPU
		{224F34AE-629F-41DC-8970-BD117C7424AE}.Debug|x86.ActiveCfg = Debug|x86
		{224F34AE-629F-41DC-8970-BD117C7424AE}.Debug|x86.Build.0 = Debug|x86
		{224F34AE-629F-41DC-8970-BD117C7424AE}.Portable|Any CPU.ActiveCfg = Portable|x86
		{224F34AE-629F-41DC-8970-BD117C7424AE}.Portable|Any CPU.Build.0 = Portable|x86
		{224F34AE-629F-41DC-8970-BD117C7424AE}.Portable|ARM.ActiveCfg = Portable|x86
		{224F34AE-629F-41DC-8970-BD117C7424AE}.Portable|ARM.Build.0 = Portable|x86
		{224F34AE-629F-41DC-8970-BD117C7424AE}.Portable|x86.ActiveCfg = Portable|x86
		{224F34AE-629F-41DC-8970-BD117C7424AE}.Portable|x86.Build.0 = Portable|x86
		{224F34AE-629F-41DC-8970-BD117C7424AE}.Release|Any CPU.ActiveCfg = Release|Any CPU
		{224F34AE-629F-41DC-8970-BD117C7424AE}.Release|Any CPU.Build.0 = Release|Any CPU
		{224F34AE-629F-41DC-8970-BD117C7424AE}.Release|ARM.ActiveCfg = Release|Any CPU
		{224F34AE-629F-41DC-8970-BD117C7424AE}.Release|ARM.Build.0 = Release|Any CPU
		{224F34AE-629F-41DC-8970-BD117C7424AE}.Release|x86.ActiveCfg = Release|x86
		{224F34AE-629F-41DC-8970-BD117C7424AE}.Release|x86.Build.0 = Release|x86
		{28FAE9BD-BEC2-4439-AEFD-C5F78B131D24}.Debug|Any CPU.ActiveCfg = Debug|Any CPU
		{28FAE9BD-BEC2-4439-AEFD-C5F78B131D24}.Debug|Any CPU.Build.0 = Debug|Any CPU
		{28FAE9BD-BEC2-4439-AEFD-C5F78B131D24}.Debug|Any CPU.Deploy.0 = Debug|Any CPU
		{28FAE9BD-BEC2-4439-AEFD-C5F78B131D24}.Debug|ARM.ActiveCfg = Debug|ARM
		{28FAE9BD-BEC2-4439-AEFD-C5F78B131D24}.Debug|ARM.Build.0 = Debug|ARM
		{28FAE9BD-BEC2-4439-AEFD-C5F78B131D24}.Debug|ARM.Deploy.0 = Debug|ARM
		{28FAE9BD-BEC2-4439-AEFD-C5F78B131D24}.Debug|x86.ActiveCfg = Debug|x86
		{28FAE9BD-BEC2-4439-AEFD-C5F78B131D24}.Debug|x86.Build.0 = Debug|x86
		{28FAE9BD-BEC2-4439-AEFD-C5F78B131D24}.Debug|x86.Deploy.0 = Debug|x86
		{28FAE9BD-BEC2-4439-AEFD-C5F78B131D24}.Portable|Any CPU.ActiveCfg = Portable|ARM64
		{28FAE9BD-BEC2-4439-AEFD-C5F78B131D24}.Portable|Any CPU.Build.0 = Portable|ARM64
		{28FAE9BD-BEC2-4439-AEFD-C5F78B131D24}.Portable|Any CPU.Deploy.0 = Portable|ARM64
		{28FAE9BD-BEC2-4439-AEFD-C5F78B131D24}.Portable|ARM.ActiveCfg = Portable|ARM
		{28FAE9BD-BEC2-4439-AEFD-C5F78B131D24}.Portable|ARM.Build.0 = Portable|ARM
		{28FAE9BD-BEC2-4439-AEFD-C5F78B131D24}.Portable|ARM.Deploy.0 = Portable|ARM
		{28FAE9BD-BEC2-4439-AEFD-C5F78B131D24}.Portable|x86.ActiveCfg = Portable|x86
		{28FAE9BD-BEC2-4439-AEFD-C5F78B131D24}.Portable|x86.Build.0 = Portable|x86
		{28FAE9BD-BEC2-4439-AEFD-C5F78B131D24}.Portable|x86.Deploy.0 = Portable|x86
		{28FAE9BD-BEC2-4439-AEFD-C5F78B131D24}.Release|Any CPU.ActiveCfg = Release|Any CPU
		{28FAE9BD-BEC2-4439-AEFD-C5F78B131D24}.Release|Any CPU.Build.0 = Release|Any CPU
		{28FAE9BD-BEC2-4439-AEFD-C5F78B131D24}.Release|Any CPU.Deploy.0 = Release|Any CPU
		{28FAE9BD-BEC2-4439-AEFD-C5F78B131D24}.Release|ARM.ActiveCfg = Release|ARM
		{28FAE9BD-BEC2-4439-AEFD-C5F78B131D24}.Release|ARM.Build.0 = Release|ARM
		{28FAE9BD-BEC2-4439-AEFD-C5F78B131D24}.Release|ARM.Deploy.0 = Release|ARM
		{28FAE9BD-BEC2-4439-AEFD-C5F78B131D24}.Release|x86.ActiveCfg = Release|x86
		{28FAE9BD-BEC2-4439-AEFD-C5F78B131D24}.Release|x86.Build.0 = Release|x86
		{28FAE9BD-BEC2-4439-AEFD-C5F78B131D24}.Release|x86.Deploy.0 = Release|x86
	EndGlobalSection
	GlobalSection(SolutionProperties) = preSolution
		HideSolutionNode = FALSE
	EndGlobalSection
	GlobalSection(ExtensibilityGlobals) = postSolution
		SolutionGuid = {3C067000-3B94-4C28-AAE3-D6E423FBBFD9}
	EndGlobalSection
EndGlobal
